
Microsoft Visual Studio Solution File, Format Version 12.00
# Visual Studio 2012
Project("{FAE04EC0-301F-11D3-BF4B-00C04F79EFBC}") = "IOS", "FlyFru\IOS.csproj", "{A94177D2-186D-483A-B940-95C050CE2710}"
EndProject
Project("{FAE04EC0-301F-11D3-BF4B-00C04F79EFBC}") = "Game", "Game\Game.csproj", "{DC159B12-744C-4C76-8F61-7B8DAFE81296}"
EndProject
Global
	GlobalSection(SolutionConfigurationPlatforms) = preSolution
		Debug|iPhoneSimulator = Debug|iPhoneSimulator
		Release|iPhone = Release|iPhone
		Release|iPhoneSimulator = Release|iPhoneSimulator
		Debug|iPhone = Debug|iPhone
		Debug|Any CPU = Debug|Any CPU
		Release|Any CPU = Release|Any CPU
	EndGlobalSection
	GlobalSection(ProjectConfigurationPlatforms) = postSolution
		{A94177D2-186D-483A-B940-95C050CE2710}.Debug|iPhoneSimulator.ActiveCfg = Debug|iPhoneSimulator
		{A94177D2-186D-483A-B940-95C050CE2710}.Debug|iPhoneSimulator.Build.0 = Debug|iPhoneSimulator
		{A94177D2-186D-483A-B940-95C050CE2710}.Release|iPhone.ActiveCfg = Release|iPhone
		{A94177D2-186D-483A-B940-95C050CE2710}.Release|iPhone.Build.0 = Release|iPhone
		{A94177D2-186D-483A-B940-95C050CE2710}.Release|iPhoneSimulator.ActiveCfg = Release|iPhoneSimulator
		{A94177D2-186D-483A-B940-95C050CE2710}.Release|iPhoneSimulator.Build.0 = Release|iPhoneSimulator
		{A94177D2-186D-483A-B940-95C050CE2710}.Debug|iPhone.ActiveCfg = Debug|iPhone
		{A94177D2-186D-483A-B940-95C050CE2710}.Debug|iPhone.Build.0 = Debug|iPhone
		{A94177D2-186D-483A-B940-95C050CE2710}.Debug|Any CPU.ActiveCfg = Debug|iPhoneSimulator
		{A94177D2-186D-483A-B940-95C050CE2710}.Debug|Any CPU.Build.0 = Debug|iPhoneSimulator
		{A94177D2-186D-483A-B940-95C050CE2710}.Release|Any CPU.ActiveCfg = Release|iPhone
		{A94177D2-186D-483A-B940-95C050CE2710}.Release|Any CPU.Build.0 = Release|iPhone
		{DC159B12-744C-4C76-8F61-7B8DAFE81296}.Debug|iPhoneSimulator.ActiveCfg = Debug|Any CPU
		{DC159B12-744C-4C76-8F61-7B8DAFE81296}.Debug|iPhoneSimulator.Build.0 = Debug|Any CPU
		{DC159B12-744C-4C76-8F61-7B8DAFE81296}.Release|iPhone.ActiveCfg = Release|Any CPU
		{DC159B12-744C-4C76-8F61-7B8DAFE81296}.Release|iPhone.Build.0 = Release|Any CPU
		{DC159B12-744C-4C76-8F61-7B8DAFE81296}.Release|iPhoneSimulator.ActiveCfg = Release|Any CPU
		{DC159B12-744C-4C76-8F61-7B8DAFE81296}.Release|iPhoneSimulator.Build.0 = Release|Any CPU
		{DC159B12-744C-4C76-8F61-7B8DAFE81296}.Debug|iPhone.ActiveCfg = Debug|Any CPU
		{DC159B12-744C-4C76-8F61-7B8DAFE81296}.Debug|iPhone.Build.0 = Debug|Any CPU
		{DC159B12-744C-4C76-8F61-7B8DAFE81296}.Debug|Any CPU.ActiveCfg = Debug|Any CPU
		{DC159B12-744C-4C76-8F61-7B8DAFE81296}.Debug|Any CPU.Build.0 = Debug|Any CPU
		{DC159B12-744C-4C76-8F61-7B8DAFE81296}.Release|Any CPU.ActiveCfg = Release|Any CPU
		{DC159B12-744C-4C76-8F61-7B8DAFE81296}.Release|Any CPU.Build.0 = Release|Any CPU
	EndGlobalSection
EndGlobal
